schema: '2.0'
stages:
  data_ingestion:
    cmd: python src/data/data_ingestion.py
    deps:
    - path: src/data/data_ingestion.py
      hash: md5
      md5: 71eabad44ba3c5225186ff5dc341af9a
      size: 3433
    params:
      params.yaml:
        data_ingestion.test_size: 0.2
    outs:
    - path: data/raw
      hash: md5
      md5: 5555179ba1adb98e191b98d9e115222b.dir
      size: 890259
      nfiles: 2
  data_preprocessing:
    cmd: python src/data/data_preprocessing.py
    deps:
    - path: data/raw
      hash: md5
      md5: 5555179ba1adb98e191b98d9e115222b.dir
      size: 890259
      nfiles: 2
    - path: src/data/data_preprocessing.py
      hash: md5
      md5: f9411d5b51c6dd3a342c0aada6371dd2
      size: 3874
    outs:
    - path: data/interim
      hash: md5
      md5: c68f8f1287bf3fd8537fcea788bbcb57.dir
      size: 628496
      nfiles: 2
  feature_engineering:
    cmd: python src/features/feature_engineering.py
    deps:
    - path: data/interim
      hash: md5
      md5: c68f8f1287bf3fd8537fcea788bbcb57.dir
      size: 628496
      nfiles: 2
    - path: src/features/feature_engineering.py
      hash: md5
      md5: 4bd0585a8fe5ee834edbda91cbef7fc4
      size: 3650
    params:
      params.yaml:
        feature_engineering.max_features: 100
    outs:
    - path: data/processed
      hash: md5
      md5: 7ceed4356f5c7d6b3174f3a0c8c69fe1.dir
      size: 2168802
      nfiles: 2
  model_building:
    cmd: python src/model/model_building.py
    deps:
    - path: data/processed
      hash: md5
      md5: 7ceed4356f5c7d6b3174f3a0c8c69fe1.dir
      size: 2168802
      nfiles: 2
    - path: src/model/model_building.py
      hash: md5
      md5: da06c4c5e888acfa98326c7b3125772c
      size: 2969
    params:
      params.yaml:
        model_building.learning_rate: 0.1
        model_building.n_estimators: 25
    outs:
    - path: models/model.pkl
      hash: md5
      md5: a3788347d972a0447f2b78bae07ec08a
      size: 39866
  model_evaluation:
    cmd: python src/model/model_evaluation.py
    deps:
    - path: models/model.pkl
      hash: md5
      md5: a3788347d972a0447f2b78bae07ec08a
      size: 39866
    - path: src/model/model_evaluation.py
      hash: md5
      md5: 37da47cb3072004ec2b916c972797ac5
      size: 3923
    outs:
    - path: reports/metrics.json
      hash: md5
      md5: a43af008565bb9a3548f861393869250
      size: 140
